// !$*UTF8*$!
{
	archiveVersion = 1;
	classes = {
	};
	objectVersion = 50;
	objects = {

/* Begin PBXBuildFile section */
		4AD9B46922A137A9005774E1 /* AppDelegate.swift in Sources */ = {isa = PBXBuildFile; fileRef = 4AD9B46822A137A9005774E1 /* AppDelegate.swift */; };
		4AD9B46B22A137A9005774E1 /* ViewController.swift in Sources */ = {isa = PBXBuildFile; fileRef = 4AD9B46A22A137A9005774E1 /* ViewController.swift */; };
		4AD9B46E22A137A9005774E1 /* Main.storyboard in Resources */ = {isa = PBXBuildFile; fileRef = 4AD9B46C22A137A9005774E1 /* Main.storyboard */; };
		4AD9B47022A137AB005774E1 /* Assets.xcassets in Resources */ = {isa = PBXBuildFile; fileRef = 4AD9B46F22A137AB005774E1 /* Assets.xcassets */; };
		4AD9B47322A137AB005774E1 /* LaunchScreen.storyboard in Resources */ = {isa = PBXBuildFile; fileRef = 4AD9B47122A137AB005774E1 /* LaunchScreen.storyboard */; };
		4AD9B47E22A137AB005774E1 /* MyEnvTests.swift in Sources */ = {isa = PBXBuildFile; fileRef = 4AD9B47D22A137AB005774E1 /* MyEnvTests.swift */; };
		4AD9B48922A137AB005774E1 /* MyEnvUITests.swift in Sources */ = {isa = PBXBuildFile; fileRef = 4AD9B48822A137AB005774E1 /* MyEnvUITests.swift */; };
/* End PBXBuildFile section */

/* Begin PBXContainerItemProxy section */
		4AD9B47A22A137AB005774E1 /* PBXContainerItemProxy */ = {
			isa = PBXContainerItemProxy;
			containerPortal = 4AD9B45D22A137A9005774E1 /* Project object */;
			proxyType = 1;
			remoteGlobalIDString = 4AD9B46422A137A9005774E1;
			remoteInfo = MyEnv;
		};
		4AD9B48522A137AB005774E1 /* PBXContainerItemProxy */ = {
			isa = PBXContainerItemProxy;
			containerPortal = 4AD9B45D22A137A9005774E1 /* Project object */;
			proxyType = 1;
			remoteGlobalIDString = 4AD9B46422A137A9005774E1;
			remoteInfo = MyEnv;
		};
/* End PBXContainerItemProxy section */

/* Begin PBXFileReference section */
		4AD9B46522A137A9005774E1 /* MyEnv.app */ = {isa = PBXFileReference; explicitFileType = wrapper.application; includeInIndex = 0; path = MyEnv.app; sourceTree = BUILT_PRODUCTS_DIR; };
		4AD9B46822A137A9005774E1 /* AppDelegate.swift */ = {isa = PBXFileReference; lastKnownFileType = sourcecode.swift; path = AppDelegate.swift; sourceTree = "<group>"; };
		4AD9B46A22A137A9005774E1 /* ViewController.swift */ = {isa = PBXFileReference; lastKnownFileType = sourcecode.swift; path = ViewController.swift; sourceTree = "<group>"; };
		4AD9B46D22A137A9005774E1 /* Base */ = {isa = PBXFileReference; lastKnownFileType = file.storyboard; name = Base; path = Base.lproj/Main.storyboard; sourceTree = "<group>"; };
		4AD9B46F22A137AB005774E1 /* Assets.xcassets */ = {isa = PBXFileReference; lastKnownFileType = folder.assetcatalog; path = Assets.xcassets; sourceTree = "<group>"; };
		4AD9B47222A137AB005774E1 /* Base */ = {isa = PBXFileReference; lastKnownFileType = file.storyboard; name = Base; path = Base.lproj/LaunchScreen.storyboard; sourceTree = "<group>"; };
		4AD9B47422A137AB005774E1 /* Info.plist */ = {isa = PBXFileReference; lastKnownFileType = text.plist.xml; path = Info.plist; sourceTree = "<group>"; };
		4AD9B47922A137AB005774E1 /* MyEnvTests.xctest */ = {isa = PBXFileReference; explicitFileType = wrapper.cfbundle; includeInIndex = 0; path = MyEnvTests.xctest; sourceTree = BUILT_PRODUCTS_DIR; };
		4AD9B47D22A137AB005774E1 /* MyEnvTests.swift */ = {isa = PBXFileReference; lastKnownFileType = sourcecode.swift; path = MyEnvTests.swift; sourceTree = "<group>"; };
		4AD9B47F22A137AB005774E1 /* Info.plist */ = {isa = PBXFileReference; lastKnownFileType = text.plist.xml; path = Info.plist; sourceTree = "<group>"; };
		4AD9B48422A137AB005774E1 /* MyEnvUITests.xctest */ = {isa = PBXFileReference; explicitFileType = wrapper.cfbundle; includeInIndex = 0; path = MyEnvUITests.xctest; sourceTree = BUILT_PRODUCTS_DIR; };
		4AD9B48822A137AB005774E1 /* MyEnvUITests.swift */ = {isa = PBXFileReference; lastKnownFileType = sourcecode.swift; path = MyEnvUITests.swift; sourceTree = "<group>"; };
		4AD9B48A22A137AB005774E1 /* Info.plist */ = {isa = PBXFileReference; lastKnownFileType = text.plist.xml; path = Info.plist; sourceTree = "<group>"; };
/* End PBXFileReference section */

/* Begin PBXFrameworksBuildPhase section */
		4AD9B46222A137A9005774E1 /* Frameworks */ = {
			isa = PBXFrameworksBuildPhase;
			buildActionMask = 2147483647;
			files = (
			);
			runOnlyForDeploymentPostprocessing = 0;
		};
		4AD9B47622A137AB005774E1 /* Frameworks */ = {
			isa = PBXFrameworksBuildPhase;
			buildActionMask = 2147483647;
			files = (
			);
			runOnlyForDeploymentPostprocessing = 0;
		};
		4AD9B48122A137AB005774E1 /* Frameworks */ = {
			isa = PBXFrameworksBuildPhase;
			buildActionMask = 2147483647;
			files = (
			);
			runOnlyForDeploymentPostprocessing = 0;
		};
/* End PBXFrameworksBuildPhase section */

/* Begin PBXGroup section */
		4AD9B45C22A137A9005774E1 = {
			isa = PBXGroup;
			children = (
				4AD9B46722A137A9005774E1 /* MyEnv */,
				4AD9B47C22A137AB005774E1 /* MyEnvTests */,
				4AD9B48722A137AB005774E1 /* MyEnvUITests */,
				4AD9B46622A137A9005774E1 /* Products */,
			);
			sourceTree = "<group>";
		};
		4AD9B46622A137A9005774E1 /* Products */ = {
			isa = PBXGroup;
			children = (
				4AD9B46522A137A9005774E1 /* MyEnv.app */,
				4AD9B47922A137AB005774E1 /* MyEnvTests.xctest */,
				4AD9B48422A137AB005774E1 /* MyEnvUITests.xctest */,
			);
			name = Products;
			sourceTree = "<group>";
		};
		4AD9B46722A137A9005774E1 /* MyEnv */ = {
			isa = PBXGroup;
			children = (
				4AD9B46822A137A9005774E1 /* AppDelegate.swift */,
				4AD9B46A22A137A9005774E1 /* ViewController.swift */,
				4AD9B46C22A137A9005774E1 /* Main.storyboard */,
				4AD9B46F22A137AB005774E1 /* Assets.xcassets */,
				4AD9B47122A137AB005774E1 /* LaunchScreen.storyboard */,
				4AD9B47422A137AB005774E1 /* Info.plist */,
			);
			path = MyEnv;
			sourceTree = "<group>";
		};
		4AD9B47C22A137AB005774E1 /* MyEnvTests */ = {
			isa = PBXGroup;
			children = (
				4AD9B47D22A137AB005774E1 /* MyEnvTests.swift */,
				4AD9B47F22A137AB005774E1 /* Info.plist */,
			);
			path = MyEnvTests;
			sourceTree = "<group>";
		};
		4AD9B48722A137AB005774E1 /* MyEnvUITests */ = {
			isa = PBXGroup;
			children = (
				4AD9B48822A137AB005774E1 /* MyEnvUITests.swift */,
				4AD9B48A22A137AB005774E1 /* Info.plist */,
			);
			path = MyEnvUITests;
			sourceTree = "<group>";
		};
/* End PBXGroup section */

/* Begin PBXNativeTarget section */
		4AD9B46422A137A9005774E1 /* MyEnv */ = {
			isa = PBXNativeTarget;
			buildConfigurationList = 4AD9B48D22A137AB005774E1 /* Build configuration list for PBXNativeTarget "MyEnv" */;
			buildPhases = (
				4AD9B46122A137A9005774E1 /* Sources */,
				4AD9B46222A137A9005774E1 /* Frameworks */,
				4AD9B46322A137A9005774E1 /* Resources */,
			);
			buildRules = (
			);
			dependencies = (
			);
			name = MyEnv;
			productName = MyEnv;
			productReference = 4AD9B46522A137A9005774E1 /* MyEnv.app */;
			productType = "com.apple.product-type.application";
		};
		4AD9B47822A137AB005774E1 /* MyEnvTests */ = {
			isa = PBXNativeTarget;
			buildConfigurationList = 4AD9B49022A137AB005774E1 /* Build configuration list for PBXNativeTarget "MyEnvTests" */;
			buildPhases = (
				4AD9B47522A137AB005774E1 /* Sources */,
				4AD9B47622A137AB005774E1 /* Frameworks */,
				4AD9B47722A137AB005774E1 /* Resources */,
			);
			buildRules = (
			);
			dependencies = (
				4AD9B47B22A137AB005774E1 /* PBXTargetDependency */,
			);
			name = MyEnvTests;
			productName = MyEnvTests;
			productReference = 4AD9B47922A137AB005774E1 /* MyEnvTests.xctest */;
			productType = "com.apple.product-type.bundle.unit-test";
		};
		4AD9B48322A137AB005774E1 /* MyEnvUITests */ = {
			isa = PBXNativeTarget;
			buildConfigurationList = 4AD9B49322A137AB005774E1 /* Build configuration list for PBXNativeTarget "MyEnvUITests" */;
			buildPhases = (
				4AD9B48022A137AB005774E1 /* Sources */,
				4AD9B48122A137AB005774E1 /* Frameworks */,
				4AD9B48222A137AB005774E1 /* Resources */,
			);
			buildRules = (
			);
			dependencies = (
				4AD9B48622A137AB005774E1 /* PBXTargetDependency */,
			);
			name = MyEnvUITests;
			productName = MyEnvUITests;
			productReference = 4AD9B48422A137AB005774E1 /* MyEnvUITests.xctest */;
			productType = "com.apple.product-type.bundle.ui-testing";
		};
/* End PBXNativeTarget section */

/* Begin PBXProject section */
		4AD9B45D22A137A9005774E1 /* Project object */ = {
			isa = PBXProject;
			attributes = {
				LastSwiftUpdateCheck = 1010;
				LastUpgradeCheck = 1010;
				ORGANIZATIONNAME = tayathorn;
				TargetAttributes = {
					4AD9B46422A137A9005774E1 = {
						CreatedOnToolsVersion = 10.1;
					};
					4AD9B47822A137AB005774E1 = {
						CreatedOnToolsVersion = 10.1;
						TestTargetID = 4AD9B46422A137A9005774E1;
					};
					4AD9B48322A137AB005774E1 = {
						CreatedOnToolsVersion = 10.1;
						TestTargetID = 4AD9B46422A137A9005774E1;
					};
				};
			};
			buildConfigurationList = 4AD9B46022A137A9005774E1 /* Build configuration list for PBXProject "MyEnv" */;
			compatibilityVersion = "Xcode 9.3";
			developmentRegion = en;
			hasScannedForEncodings = 0;
			knownRegions = (
				en,
				Base,
			);
			mainGroup = 4AD9B45C22A137A9005774E1;
			productRefGroup = 4AD9B46622A137A9005774E1 /* Products */;
			projectDirPath = "";
			projectRoot = "";
			targets = (
				4AD9B46422A137A9005774E1 /* MyEnv */,
				4AD9B47822A137AB005774E1 /* MyEnvTests */,
				4AD9B48322A137AB005774E1 /* MyEnvUITests */,
			);
		};
/* End PBXProject section */

/* Begin PBXResourcesBuildPhase section */
		4AD9B46322A137A9005774E1 /* Resources */ = {
			isa = PBXResourcesBuildPhase;
			buildActionMask = 2147483647;
			files = (
				4AD9B47322A137AB005774E1 /* LaunchScreen.storyboard in Resources */,
				4AD9B47022A137AB005774E1 /* Assets.xcassets in Resources */,
				4AD9B46E22A137A9005774E1 /* Main.storyboard in Resources */,
			);
			runOnlyForDeploymentPostprocessing = 0;
		};
		4AD9B47722A137AB005774E1 /* Resources */ = {
			isa = PBXResourcesBuildPhase;
			buildActionMask = 2147483647;
			files = (
			);
			runOnlyForDeploymentPostprocessing = 0;
		};
		4AD9B48222A137AB005774E1 /* Resources */ = {
			isa = PBXResourcesBuildPhase;
			buildActionMask = 2147483647;
			files = (
			);
			runOnlyForDeploymentPostprocessing = 0;
		};
/* End PBXResourcesBuildPhase section */

/* Begin PBXSourcesBuildPhase section */
		4AD9B46122A137A9005774E1 /* Sources */ = {
			isa = PBXSourcesBuildPhase;
			buildActionMask = 2147483647;
			files = (
				4AD9B46B22A137A9005774E1 /* ViewController.swift in Sources */,
				4AD9B46922A137A9005774E1 /* AppDelegate.swift in Sources */,
			);
			runOnlyForDeploymentPostprocessing = 0;
		};
		4AD9B47522A137AB005774E1 /* Sources */ = {
			isa = PBXSourcesBuildPhase;
			buildActionMask = 2147483647;
			files = (
				4AD9B47E22A137AB005774E1 /* MyEnvTests.swift in Sources */,
			);
			runOnlyForDeploymentPostprocessing = 0;
		};
		4AD9B48022A137AB005774E1 /* Sources */ = {
			isa = PBXSourcesBuildPhase;
			buildActionMask = 2147483647;
			files = (
				4AD9B48922A137AB005774E1 /* MyEnvUITests.swift in Sources */,
			);
			runOnlyForDeploymentPostprocessing = 0;
		};
/* End PBXSourcesBuildPhase section */

/* Begin PBXTargetDependency section */
		4AD9B47B22A137AB005774E1 /* PBXTargetDependency */ = {
			isa = PBXTargetDependency;
			target = 4AD9B46422A137A9005774E1 /* MyEnv */;
			targetProxy = 4AD9B47A22A137AB005774E1 /* PBXContainerItemProxy */;
		};
		4AD9B48622A137AB005774E1 /* PBXTargetDependency */ = {
			isa = PBXTargetDependency;
			target = 4AD9B46422A137A9005774E1 /* MyEnv */;
			targetProxy = 4AD9B48522A137AB005774E1 /* PBXContainerItemProxy */;
		};
/* End PBXTargetDependency section */

/* Begin PBXVariantGroup section */
		4AD9B46C22A137A9005774E1 /* Main.storyboard */ = {
			isa = PBXVariantGroup;
			children = (
				4AD9B46D22A137A9005774E1 /* Base */,
			);
			name = Main.storyboard;
			sourceTree = "<group>";
		};
		4AD9B47122A137AB005774E1 /* LaunchScreen.storyboard */ = {
			isa = PBXVariantGroup;
			children = (
				4AD9B47222A137AB005774E1 /* Base */,
			);
			name = LaunchScreen.storyboard;
			sourceTree = "<group>";
		};
/* End PBXVariantGroup section */

/* Begin XCBuildConfiguration section */
		4AD9B48B22A137AB005774E1 /* Debug */ = {
			isa = XCBuildConfiguration;
			buildSettings = {
				ALWAYS_SEARCH_USER_PATHS = NO;
				CLANG_ANALYZER_NONNULL = YES;
				CLANG_ANALYZER_NUMBER_OBJECT_CONVERSION = YES_AGGRESSIVE;
				CLANG_CXX_LANGUAGE_STANDARD = "gnu++14";
				CLANG_CXX_LIBRARY = "libc++";
				CLANG_ENABLE_MODULES = YES;
				CLANG_ENABLE_OBJC_ARC = YES;
				CLANG_ENABLE_OBJC_WEAK = YES;
				CLANG_WARN_BLOCK_CAPTURE_AUTORELEASING = YES;
				CLANG_WARN_BOOL_CONVERSION = YES;
				CLANG_WARN_COMMA = YES;
				CLANG_WARN_CONSTANT_CONVERSION = YES;
				CLANG_WARN_DEPRECATED_OBJC_IMPLEMENTATIONS = YES;
				CLANG_WARN_DIRECT_OBJC_ISA_USAGE = YES_ERROR;
				CLANG_WARN_DOCUMENTATION_COMMENTS = YES;
				CLANG_WARN_EMPTY_BODY = YES;
				CLANG_WARN_ENUM_CONVERSION = YES;
				CLANG_WARN_INFINITE_RECURSION = YES;
				CLANG_WARN_INT_CONVERSION = YES;
				CLANG_WARN_NON_LITERAL_NULL_CONVERSION = YES;
				CLANG_WARN_OBJC_IMPLICIT_RETAIN_SELF = YES;
				CLANG_WARN_OBJC_LITERAL_CONVERSION = YES;
				CLANG_WARN_OBJC_ROOT_CLASS = YES_ERROR;
				CLANG_WARN_RANGE_LOOP_ANALYSIS = YES;
				CLANG_WARN_STRICT_PROTOTYPES = YES;
				CLANG_WARN_SUSPICIOUS_MOVE = YES;
				CLANG_WARN_UNGUARDED_AVAILABILITY = YES_AGGRESSIVE;
				CLANG_WARN_UNREACHABLE_CODE = YES;
				CLANG_WARN__DUPLICATE_METHOD_MATCH = YES;
				CODE_SIGN_IDENTITY = "iPhone Developer";
				COPY_PHASE_STRIP = NO;
				DEBUG_INFORMATION_FORMAT = dwarf;
				ENABLE_STRICT_OBJC_MSGSEND = YES;
				ENABLE_TESTABILITY = YES;
				GCC_C_LANGUAGE_STANDARD = gnu11;
				GCC_DYNAMIC_NO_PIC = NO;
				GCC_NO_COMMON_BLOCKS = YES;
				GCC_OPTIMIZATION_LEVEL = 0;
				GCC_PREPROCESSOR_DEFINITIONS = (
					"DEBUG=1",
					"$(inherited)",
				);
				GCC_WARN_64_TO_32_BIT_CONVERSION = YES;
				GCC_WARN_ABOUT_RETURN_TYPE = YES_ERROR;
				GCC_WARN_UNDECLARED_SELECTOR = YES;
				GCC_WARN_UNINITIALIZED_AUTOS = YES_AGGRESSIVE;
				GCC_WARN_UNUSED_FUNCTION = YES;
				GCC_WARN_UNUSED_VARIABLE = YES;
				IPHONEOS_DEPLOYMENT_TARGET = 12.1;
				MTL_ENABLE_DEBUG_INFO = INCLUDE_SOURCE;
				MTL_FAST_MATH = YES;
				NEW_SETTING = "";
				ONLY_ACTIVE_ARCH = YES;
				SDKROOT = iphoneos;
				SWIFT_ACTIVE_COMPILATION_CONDITIONS = DEBUG;
				SWIFT_OPTIMIZATION_LEVEL = "-Onone";
			};
			name = Debug;
		};
		4AD9B48C22A137AB005774E1 /* Release */ = {
			isa = XCBuildConfiguration;
			buildSettings = {
				ALWAYS_SEARCH_USER_PATHS = NO;
				CLANG_ANALYZER_NONNULL = YES;
				CLANG_ANALYZER_NUMBER_OBJECT_CONVERSION = YES_AGGRESSIVE;
				CLANG_CXX_LANGUAGE_STANDARD = "gnu++14";
				CLANG_CXX_LIBRARY = "libc++";
				CLANG_ENABLE_MODULES = YES;
				CLANG_ENABLE_OBJC_ARC = YES;
				CLANG_ENABLE_OBJC_WEAK = YES;
				CLANG_WARN_BLOCK_CAPTURE_AUTORELEASING = YES;
				CLANG_WARN_BOOL_CONVERSION = YES;
				CLANG_WARN_COMMA = YES;
				CLANG_WARN_CONSTANT_CONVERSION = YES;
				CLANG_WARN_DEPRECATED_OBJC_IMPLEMENTATIONS = YES;
				CLANG_WARN_DIRECT_OBJC_ISA_USAGE = YES_ERROR;
				CLANG_WARN_DOCUMENTATION_COMMENTS = YES;
				CLANG_WARN_EMPTY_BODY = YES;
				CLANG_WARN_ENUM_CONVERSION = YES;
				CLANG_WARN_INFINITE_RECURSION = YES;
				CLANG_WARN_INT_CONVERSION = YES;
				CLANG_WARN_NON_LITERAL_NULL_CONVERSION = YES;
				CLANG_WARN_OBJC_IMPLICIT_RETAIN_SELF = YES;
				CLANG_WARN_OBJC_LITERAL_CONVERSION = YES;
				CLANG_WARN_OBJC_ROOT_CLASS = YES_ERROR;
				CLANG_WARN_RANGE_LOOP_ANALYSIS = YES;
				CLANG_WARN_STRICT_PROTOTYPES = YES;
				CLANG_WARN_SUSPICIOUS_MOVE = YES;
				CLANG_WARN_UNGUARDED_AVAILABILITY = YES_AGGRESSIVE;
				CLANG_WARN_UNREACHABLE_CODE = YES;
				CLANG_WARN__DUPLICATE_METHOD_MATCH = YES;
				CODE_SIGN_IDENTITY = "iPhone Developer";
				COPY_PHASE_STRIP = NO;
				DEBUG_INFORMATION_FORMAT = "dwarf-with-dsym";
				ENABLE_NS_ASSERTIONS = NO;
				ENABLE_STRICT_OBJC_MSGSEND = YES;
				GCC_C_LANGUAGE_STANDARD = gnu11;
				GCC_NO_COMMON_BLOCKS = YES;
				GCC_WARN_64_TO_32_BIT_CONVERSION = YES;
				GCC_WARN_ABOUT_RETURN_TYPE = YES_ERROR;
				GCC_WARN_UNDECLARED_SELECTOR = YES;
				GCC_WARN_UNINITIALIZED_AUTOS = YES_AGGRESSIVE;
				GCC_WARN_UNUSED_FUNCTION = YES;
				GCC_WARN_UNUSED_VARIABLE = YES;
				IPHONEOS_DEPLOYMENT_TARGET = 12.1;
				MTL_ENABLE_DEBUG_INFO = NO;
				MTL_FAST_MATH = YES;
				NEW_SETTING = "";
				SDKROOT = iphoneos;
				SWIFT_COMPILATION_MODE = wholemodule;
				SWIFT_OPTIMIZATION_LEVEL = "-O";
				VALIDATE_PRODUCT = YES;
			};
			name = Release;
		};
		4AD9B48E22A137AB005774E1 /* Debug */ = {
			isa = XCBuildConfiguration;
			buildSettings = {
				API_ENDPOINT = "https://dev-server.com/api/";
				ASSETCATALOG_COMPILER_APPICON_NAME = AppIcon;
				CODE_SIGN_STYLE = Automatic;
				DEVELOPMENT_TEAM = 657YT3L574;
				INFOPLIST_FILE = MyEnv/Info.plist;
				LD_RUNPATH_SEARCH_PATHS = (
					"$(inherited)",
					"@executable_path/Frameworks",
				);
				PRODUCT_BUNDLE_IDENTIFIER = com.tayathorn.MyEnv;
				PRODUCT_NAME = "$(TARGET_NAME)";
				SWIFT_VERSION = 4.2;
				TARGETED_DEVICE_FAMILY = "1,2";
			};
			name = Debug;
		};
		4AD9B48F22A137AB005774E1 /* Release */ = {
			isa = XCBuildConfiguration;
			buildSettings = {
				API_ENDPOINT = "https://prod-server.com/api/";
				ASSETCATALOG_COMPILER_APPICON_NAME = AppIcon;
				CODE_SIGN_STYLE = Automatic;
				DEVELOPMENT_TEAM = 657YT3L574;
				INFOPLIST_FILE = MyEnv/Info.plist;
				LD_RUNPATH_SEARCH_PATHS = (
					"$(inherited)",
					"@executable_path/Frameworks",
				);
				PRODUCT_BUNDLE_IDENTIFIER = com.tayathorn.MyEnv;
				PRODUCT_NAME = "$(TARGET_NAME)";
				SWIFT_VERSION = 4.2;
				TARGETED_DEVICE_FAMILY = "1,2";
			};
			name = Release;
		};
		4AD9B49122A137AB005774E1 /* Debug */ = {
			isa = XCBuildConfiguration;
			buildSettings = {
				ALWAYS_EMBED_SWIFT_STANDARD_LIBRARIES = YES;
				BUNDLE_LOADER = "$(TEST_HOST)";
				CODE_SIGN_STYLE = Automatic;
				DEVELOPMENT_TEAM = 657YT3L574;
				INFOPLIST_FILE = MyEnvTests/Info.plist;
				LD_RUNPATH_SEARCH_PATHS = (
					"$(inherited)",
					"@executable_path/Frameworks",
					"@loader_path/Frameworks",
				);
				PRODUCT_BUNDLE_IDENTIFIER = com.tayathorn.MyEnvTests;
				PRODUCT_NAME = "$(TARGET_NAME)";
				SWIFT_VERSION = 4.2;
				TARGETED_DEVICE_FAMILY = "1,2";
				TEST_HOST = "$(BUILT_PRODUCTS_DIR)/MyEnv.app/MyEnv";
			};
			name = Debug;
		};
		4AD9B49222A137AB005774E1 /* Release */ = {
			isa = XCBuildConfiguration;
			buildSettings = {
				ALWAYS_EMBED_SWIFT_STANDARD_LIBRARIES = YES;
				BUNDLE_LOADER = "$(TEST_HOST)";
				CODE_SIGN_STYLE = Automatic;
				DEVELOPMENT_TEAM = 657YT3L574;
				INFOPLIST_FILE = MyEnvTests/Info.plist;
				LD_RUNPATH_SEARCH_PATHS = (
					"$(inherited)",
					"@executable_path/Frameworks",
					"@loader_path/Frameworks",
				);
				PRODUCT_BUNDLE_IDENTIFIER = com.tayathorn.MyEnvTests;
				PRODUCT_NAME = "$(TARGET_NAME)";
				SWIFT_VERSION = 4.2;
				TARGETED_DEVICE_FAMILY = "1,2";
				TEST_HOST = "$(BUILT_PRODUCTS_DIR)/MyEnv.app/MyEnv";
			};
			name = Release;
		};
		4AD9B49422A137AB005774E1 /* Debug */ = {
			isa = XCBuildConfiguration;
			buildSettings = {
				ALWAYS_EMBED_SWIFT_STANDARD_LIBRARIES = YES;
				CODE_SIGN_STYLE = Automatic;
				DEVELOPMENT_TEAM = 657YT3L574;
				INFOPLIST_FILE = MyEnvUITests/Info.plist;
				LD_RUNPATH_SEARCH_PATHS = (
					"$(inherited)",
					"@executable_path/Frameworks",
					"@loader_path/Frameworks",
				);
				PRODUCT_BUNDLE_IDENTIFIER = com.tayathorn.MyEnvUITests;
				PRODUCT_NAME = "$(TARGET_NAME)";
				SWIFT_VERSION = 4.2;
				TARGETED_DEVICE_FAMILY = "1,2";
				TEST_TARGET_NAME = MyEnv;
			};
			name = Debug;
		};
		4AD9B49522A137AB005774E1 /* Release */ = {
			isa = XCBuildConfiguration;
			buildSettings = {
				ALWAYS_EMBED_SWIFT_STANDARD_LIBRARIES = YES;
				CODE_SIGN_STYLE = Automatic;
				DEVELOPMENT_TEAM = 657YT3L574;
				INFOPLIST_FILE = MyEnvUITests/Info.plist;
				LD_RUNPATH_SEARCH_PATHS = (
					"$(inherited)",
					"@executable_path/Frameworks",
					"@loader_path/Frameworks",
				);
				PRODUCT_BUNDLE_IDENTIFIER = com.tayathorn.MyEnvUITests;
				PRODUCT_NAME = "$(TARGET_NAME)";
				SWIFT_VERSION = 4.2;
				TARGETED_DEVICE_FAMILY = "1,2";
				TEST_TARGET_NAME = MyEnv;
			};
			name = Release;
		};
		4AEE5CD32386AB9600194AEA /* Beta */ = {
			isa = XCBuildConfiguration;
			buildSettings = {
				ALWAYS_SEARCH_USER_PATHS = NO;
				CLANG_ANALYZER_NONNULL = YES;
				CLANG_ANALYZER_NUMBER_OBJECT_CONVERSION = YES_AGGRESSIVE;
				CLANG_CXX_LANGUAGE_STANDARD = "gnu++14";
				CLANG_CXX_LIBRARY = "libc++";
				CLANG_ENABLE_MODULES = YES;
				CLANG_ENABLE_OBJC_ARC = YES;
				CLANG_ENABLE_OBJC_WEAK = YES;
				CLANG_WARN_BLOCK_CAPTURE_AUTORELEASING = YES;
				CLANG_WARN_BOOL_CONVERSION = YES;
				CLANG_WARN_COMMA = YES;
				CLANG_WARN_CONSTANT_CONVERSION = YES;
				CLANG_WARN_DEPRECATED_OBJC_IMPLEMENTATIONS = YES;
				CLANG_WARN_DIRECT_OBJC_ISA_USAGE = YES_ERROR;
				CLANG_WARN_DOCUMENTATION_COMMENTS = YES;
				CLANG_WARN_EMPTY_BODY = YES;
				CLANG_WARN_ENUM_CONVERSION = YES;
				CLANG_WARN_INFINITE_RECURSION = YES;
				CLANG_WARN_INT_CONVERSION = YES;
				CLANG_WARN_NON_LITERAL_NULL_CONVERSION = YES;
				CLANG_WARN_OBJC_IMPLICIT_RETAIN_SELF = YES;
				CLANG_WARN_OBJC_LITERAL_CONVERSION = YES;
				CLANG_WARN_OBJC_ROOT_CLASS = YES_ERROR;
				CLANG_WARN_RANGE_LOOP_ANALYSIS = YES;
				CLANG_WARN_STRICT_PROTOTYPES = YES;
				CLANG_WARN_SUSPICIOUS_MOVE = YES;
				CLANG_WARN_UNGUARDED_AVAILABILITY = YES_AGGRESSIVE;
				CLANG_WARN_UNREACHABLE_CODE = YES;
				CLANG_WARN__DUPLICATE_METHOD_MATCH = YES;
				CODE_SIGN_IDENTITY = "iPhone Developer";
				COPY_PHASE_STRIP = NO;
				DEBUG_INFORMATION_FORMAT = dwarf;
				ENABLE_STRICT_OBJC_MSGSEND = YES;
				ENABLE_TESTABILITY = YES;
				GCC_C_LANGUAGE_STANDARD = gnu11;
				GCC_DYNAMIC_NO_PIC = NO;
				GCC_NO_COMMON_BLOCKS = YES;
				GCC_OPTIMIZATION_LEVEL = 0;
				GCC_PREPROCESSOR_DEFINITIONS = (
					"DEBUG=1",
					"$(inherited)",
				);
				GCC_WARN_64_TO_32_BIT_CONVERSION = YES;
				GCC_WARN_ABOUT_RETURN_TYPE = YES_ERROR;
				GCC_WARN_UNDECLARED_SELECTOR = YES;
				GCC_WARN_UNINITIALIZED_AUTOS = YES_AGGRESSIVE;
				GCC_WARN_UNUSED_FUNCTION = YES;
				GCC_WARN_UNUSED_VARIABLE = YES;
				IPHONEOS_DEPLOYMENT_TARGET = 12.1;
				MTL_ENABLE_DEBUG_INFO = INCLUDE_SOURCE;
				MTL_FAST_MATH = YES;
				NEW_SETTING = "";
				ONLY_ACTIVE_ARCH = YES;
				SDKROOT = iphoneos;
				SWIFT_ACTIVE_COMPILATION_CONDITIONS = DEBUG;
				SWIFT_OPTIMIZATION_LEVEL = "-Onone";
			};
			name = Beta;
		};
		4AEE5CD42386AB9600194AEA /* Beta */ = {
			isa = XCBuildConfiguration;
			buildSettings = {
				API_ENDPOINT = "https://beta-server.com/api/";
				ASSETCATALOG_COMPILER_APPICON_NAME = AppIcon;
				CODE_SIGN_STYLE = Automatic;
				DEVELOPMENT_TEAM = 657YT3L574;
				INFOPLIST_FILE = MyEnv/Info.plist;
				LD_RUNPATH_SEARCH_PATHS = (
					"$(inherited)",
					"@executable_path/Frameworks",
				);
				PRODUCT_BUNDLE_IDENTIFIER = com.tayathorn.MyEnv;
				PRODUCT_NAME = "$(TARGET_NAME)";
				SWIFT_VERSION = 4.2;
				TARGETED_DEVICE_FAMILY = "1,2";
			};
			name = Beta;
		};
		4AEE5CD52386AB9600194AEA /* Beta */ = {
			isa = XCBuildConfiguration;
			buildSettings = {
				ALWAYS_EMBED_SWIFT_STANDARD_LIBRARIES = YES;
				BUNDLE_LOADER = "$(TEST_HOST)";
				CODE_SIGN_STYLE = Automatic;
				DEVELOPMENT_TEAM = 657YT3L574;
				INFOPLIST_FILE = MyEnvTests/Info.plist;
				LD_RUNPATH_SEARCH_PATHS = (
					"$(inherited)",
					"@executable_path/Frameworks",
					"@loader_path/Frameworks",
				);
				PRODUCT_BUNDLE_IDENTIFIER = com.tayathorn.MyEnvTests;
				PRODUCT_NAME = "$(TARGET_NAME)";
				SWIFT_VERSION = 4.2;
				TARGETED_DEVICE_FAMILY = "1,2";
				TEST_HOST = "$(BUILT_PRODUCTS_DIR)/MyEnv.app/MyEnv";
			};
			name = Beta;
		};
		4AEE5CD62386AB9600194AEA /* Beta */ = {
			isa = XCBuildConfiguration;
			buildSettings = {
				ALWAYS_EMBED_SWIFT_STANDARD_LIBRARIES = YES;
				CODE_SIGN_STYLE = Automatic;
				DEVELOPMENT_TEAM = 657YT3L574;
				INFOPLIST_FILE = MyEnvUITests/Info.plist;
				LD_RUNPATH_SEARCH_PATHS = (
					"$(inherited)",
					"@executable_path/Frameworks",
					"@loader_path/Frameworks",
				);
				PRODUCT_BUNDLE_IDENTIFIER = com.tayathorn.MyEnvUITests;
				PRODUCT_NAME = "$(TARGET_NAME)";
				SWIFT_VERSION = 4.2;
				TARGETED_DEVICE_FAMILY = "1,2";
				TEST_TARGET_NAME = MyEnv;
			};
			name = Beta;
		};
/* End XCBuildConfiguration section */

/* Begin XCConfigurationList section */
		4AD9B46022A137A9005774E1 /* Build configuration list for PBXProject "MyEnv" */ = {
			isa = XCConfigurationList;
			buildConfigurations = (
				4AD9B48B22A137AB005774E1 /* Debug */,
				4AEE5CD32386AB9600194AEA /* Beta */,
				4AD9B48C22A137AB005774E1 /* Release */,
			);
			defaultConfigurationIsVisible = 0;
			defaultConfigurationName = Release;
		};
		4AD9B48D22A137AB005774E1 /* Build configuration list for PBXNativeTarget "MyEnv" */ = {
			isa = XCConfigurationList;
			buildConfigurations = (
				4AD9B48E22A137AB005774E1 /* Debug */,
				4AEE5CD42386AB9600194AEA /* Beta */,
				4AD9B48F22A137AB005774E1 /* Release */,
			);
			defaultConfigurationIsVisible = 0;
			defaultConfigurationName = Release;
		};
		4AD9B49022A137AB005774E1 /* Build configuration list for PBXNativeTarget "MyEnvTests" */ = {
			isa = XCConfigurationList;
			buildConfigurations = (
				4AD9B49122A137AB005774E1 /* Debug */,
				4AEE5CD52386AB9600194AEA /* Beta */,
				4AD9B49222A137AB005774E1 /* Release */,
			);
			defaultConfigurationIsVisible = 0;
			defaultConfigurationName = Release;
		};
		4AD9B49322A137AB005774E1 /* Build configuration list for PBXNativeTarget "MyEnvUITests" */ = {
			isa = XCConfigurationList;
			buildConfigurations = (
				4AD9B49422A137AB005774E1 /* Debug */,
				4AEE5CD62386AB9600194AEA /* Beta */,
				4AD9B49522A137AB005774E1 /* Release */,
			);
			defaultConfigurationIsVisible = 0;
			defaultConfigurationName = Release;
		};
/* End XCConfigurationList section */
	};
	rootObject = 4AD9B45D22A137A9005774E1 /* Project object */;
}
